{
  "name": "@skylib/lodash-commonjs-es",
  "version": "0.1.0",
  "lockfileVersion": 2,
  "requires": true,
  "packages": {
    "": {
      "name": "@skylib/lodash-commonjs-es",
      "version": "0.1.0",
      "license": "ISC",
      "engines": {
        "node": ">=14.0.0",
        "npm": ">=7.0.0"
      },
      "peerDependencies": {
        "@types/lodash": ">=4.0.0",
        "@types/lodash-es": "^4.0.0",
        "lodash": "^4.0.0",
        "lodash-es": "^4.0.0"
      }
    },
    "node_modules/@types/lodash": {
      "version": "4.14.181",
      "resolved": "https://registry.npmjs.org/@types/lodash/-/lodash-4.14.181.tgz",
      "integrity": "sha512-n3tyKthHJbkiWhDZs3DkhkCzt2MexYHXlX0td5iMplyfwketaOeKboEVBqzceH7juqvEg3q5oUoBFxSLu7zFag==",
      "peer": true
    },
    "node_modules/@types/lodash-es": {
      "version": "4.17.6",
      "resolved": "https://registry.npmjs.org/@types/lodash-es/-/lodash-es-4.17.6.tgz",
      "integrity": "sha512-R+zTeVUKDdfoRxpAryaQNRKk3105Rrgx2CFRClIgRGaqDTdjsm8h6IYA8ir584W3ePzkZfst5xIgDwYrlh9HLg==",
      "peer": true,
      "dependencies": {
        "@types/lodash": "*"
      }
    },
    "node_modules/lodash": {
      "version": "4.17.21",
      "resolved": "https://registry.npmjs.org/lodash/-/lodash-4.17.21.tgz",
      "integrity": "sha512-v2kDEe57lecTulaDIuNTPy3Ry4gLGJ6Z1O3vE1krgXZNrsQ+LFTGHVxVjcXPs17LhbZVGedAJv8XZ1tvj5FvSg==",
      "peer": true
    },
    "node_modules/lodash-es": {
      "version": "4.17.21",
      "resolved": "https://registry.npmjs.org/lodash-es/-/lodash-es-4.17.21.tgz",
      "integrity": "sha512-mKnC+QJ9pWVzv+C4/U3rRsHapFfHvQFoFB92e52xeyGMcX6/OlIl78je1u8vePzYZSkkogMPJ2yjxxsb89cxyw==",
      "peer": true
    }
  },
  "dependencies": {
    "@types/lodash": {
      "version": "4.14.181",
      "resolved": "https://registry.npmjs.org/@types/lodash/-/lodash-4.14.181.tgz",
      "integrity": "sha512-n3tyKthHJbkiWhDZs3DkhkCzt2MexYHXlX0td5iMplyfwketaOeKboEVBqzceH7juqvEg3q5oUoBFxSLu7zFag==",
      "peer": true
    },
    "@types/lodash-es": {
      "version": "4.17.6",
      "resolved": "https://registry.npmjs.org/@types/lodash-es/-/lodash-es-4.17.6.tgz",
      "integrity": "sha512-R+zTeVUKDdfoRxpAryaQNRKk3105Rrgx2CFRClIgRGaqDTdjsm8h6IYA8ir584W3ePzkZfst5xIgDwYrlh9HLg==",
      "peer": true,
      "requires": {
        "@types/lodash": "*"
      }
    },
    "lodash": {
      "version": "4.17.21",
      "resolved": "https://registry.npmjs.org/lodash/-/lodash-4.17.21.tgz",
      "integrity": "sha512-v2kDEe57lecTulaDIuNTPy3Ry4gLGJ6Z1O3vE1krgXZNrsQ+LFTGHVxVjcXPs17LhbZVGedAJv8XZ1tvj5FvSg==",
      "peer": true
    },
    "lodash-es": {
      "version": "4.17.21",
      "resolved": "https://registry.npmjs.org/lodash-es/-/lodash-es-4.17.21.tgz",
      "integrity": "sha512-mKnC+QJ9pWVzv+C4/U3rRsHapFfHvQFoFB92e52xeyGMcX6/OlIl78je1u8vePzYZSkkogMPJ2yjxxsb89cxyw==",
      "peer": true
    }
  }
}
